
Microsoft Visual Studio Solution File, Format Version 12.00
# Visual Studio Version 17
VisualStudioVersion = 17.2.32630.192
MinimumVisualStudioVersion = 10.0.40219.1
Project("{9A19103F-16F7-4668-BE54-9A1E7A4F7556}") = "Football_43A", "Football\Football_43A.csproj", "{C3D9B1A9-013D-4A7A-AE6A-E4653336FBCB}"
EndProject
Project("{9A19103F-16F7-4668-BE54-9A1E7A4F7556}") = "Decoding_746B", "Decoding\Decoding_746B.csproj", "{B8D80F06-11BA-4D8A-BF00-3577F791679D}"
EndProject
Project("{9A19103F-16F7-4668-BE54-9A1E7A4F7556}") = "Cards_1220A", "Cards_1220A\Cards_1220A.csproj", "{BCE32791-909B-4822-A94E-9CA2423A7EAE}"
EndProject
Project("{9A19103F-16F7-4668-BE54-9A1E7A4F7556}") = "Is_it_rated_807A", "Is_it_rated_807A\Is_it_rated_807A.csproj", "{00A03132-9AD3-4D60-A078-657F0757478F}"
EndProject
Project("{9A19103F-16F7-4668-BE54-9A1E7A4F7556}") = "Bear_and_Big_Brother_791A", "Bear_and_Big_Brother_791A\Bear_and_Big_Brother_791A.csproj", "{6A9CB4A0-75FD-4E03-B845-F4A3F18188EA}"
EndProject
Project("{9A19103F-16F7-4668-BE54-9A1E7A4F7556}") = "The_Smallest_String_Concatenation_632C", "The_Smallest_String_Concatenation_632C\The_Smallest_String_Concatenation_632C.csproj", "{F2AE05B6-89CC-4D04-9C5E-1C1F0E4C0985}"
EndProject
Project("{9A19103F-16F7-4668-BE54-9A1E7A4F7556}") = "String_Task_118A", "String_Task_118A\String_Task_118A.csproj", "{AB237A38-6B6C-49BC-AC8F-66E110DE4CED}"
EndProject
Project("{9A19103F-16F7-4668-BE54-9A1E7A4F7556}") = "I_love_username_155A", "I_love_username_155A\I_love_username_155A.csproj", "{EBFBB009-82CE-4EFB-9C21-41F569486BED}"
EndProject
Project("{9A19103F-16F7-4668-BE54-9A1E7A4F7556}") = "Comparing _Two_Long_Integers_616A", "Comparing _Two_Long_Integers_616A\Comparing _Two_Long_Integers_616A.csproj", "{6F5054A8-1714-4116-9243-2BF9752C2D5A}"
EndProject
Project("{9A19103F-16F7-4668-BE54-9A1E7A4F7556}") = "Important_Exam_1201A", "Important_Exam_1201A\Important_Exam_1201A.csproj", "{46111650-E5F9-41A1-89DA-4257A20ADDB6}"
EndProject
Project("{9A19103F-16F7-4668-BE54-9A1E7A4F7556}") = "Display_The_Number_1295A", "Display_The_Number_1295A\Display_The_Number_1295A.csproj", "{6486AB42-0B4B-4892-BF71-39D9352062B3}"
EndProject
Project("{9A19103F-16F7-4668-BE54-9A1E7A4F7556}") = "Radio_Station_918B", "Radio_Station_918B\Radio_Station_918B.csproj", "{A6B26C05-0448-475E-9209-52116AA33F88}"
EndProject
Project("{9A19103F-16F7-4668-BE54-9A1E7A4F7556}") = "Water_Lily_1199B", "Water_Lily_1199B\Water_Lily_1199B.csproj", "{C111A084-1179-40C2-8861-7AF8F7435F5A}"
EndProject
Project("{9A19103F-16F7-4668-BE54-9A1E7A4F7556}") = "Restoring_Password_94A", "Restoring_Password_94A\Restoring_Password_94A.csproj", "{FCD0A39D-A3F6-4A6F-BEEC-FBD80B1181C3}"
EndProject
Project("{9A19103F-16F7-4668-BE54-9A1E7A4F7556}") = "University_Classes_847G", "University_Classes_847G\University_Classes_847G.csproj", "{DD830251-7F73-4A87-B61F-B90F12C2BE0E}"
EndProject
Project("{9A19103F-16F7-4668-BE54-9A1E7A4F7556}") = "Polycarp_and_Letters_864B", "Polycarp_and_Letters_864B\Polycarp_and_Letters_864B.csproj", "{0348B010-601B-4F93-9858-EBAECF95E009}"
EndProject
Project("{9A19103F-16F7-4668-BE54-9A1E7A4F7556}") = "A_Soldier_and_Bananas", "A_Soldier_and_Bananas\A_Soldier_and_Bananas.csproj", "{E7CA22B0-AF50-4969-89B9-35A8074831E8}"
EndProject
Project("{9A19103F-16F7-4668-BE54-9A1E7A4F7556}") = "An_Elephant", "An_Elephant\An_Elephant.csproj", "{ECDAF18F-B038-4ADF-A05B-94216AA4FF36}"
EndProject
Project("{9A19103F-16F7-4668-BE54-9A1E7A4F7556}") = "A_Word", "A_Word\A_Word.csproj", "{FD0F9869-DF19-40D1-9099-DB5043AF7FBD}"
EndProject
Project("{9A19103F-16F7-4668-BE54-9A1E7A4F7556}") = "A_Wrong_Subtraction", "A_Wrong_Subtraction\A_Wrong_Subtraction.csproj", "{A5B8B50A-CE6F-4328-84C1-28C75EB36C49}"
EndProject
Project("{9A19103F-16F7-4668-BE54-9A1E7A4F7556}") = "A_Tram", "A_Tram\A_Tram.csproj", "{B7B0D700-D4B4-4301-A420-FE75EF102DA7}"
EndProject
Project("{9A19103F-16F7-4668-BE54-9A1E7A4F7556}") = "A_Nearly_Lucky_Number", "A_Nearly_Lucky_Number\A_Nearly_Lucky_Number.csproj", "{410AC49E-96F9-4940-ADEF-45ABF6A46808}"
EndProject
Project("{9A19103F-16F7-4668-BE54-9A1E7A4F7556}") = "B_Queue_at_the_School", "B_Queue_at_the_School\B_Queue_at_the_School.csproj", "{99B3F51B-48B9-48BA-8882-847CE76509A4}"
EndProject
Project("{9A19103F-16F7-4668-BE54-9A1E7A4F7556}") = "A_Chat_room", "A_Chat_room\A_Chat_room.csproj", "{DBDDF4AB-9DF4-48CF-9A73-579B18EA353B}"
EndProject
Project("{9A19103F-16F7-4668-BE54-9A1E7A4F7556}") = "A_Anton_and_Danik", "A_Anton_and_Danik\A_Anton_and_Danik.csproj", "{1FA78112-9959-436A-8FDE-302D910DD28A}"
EndProject
Project("{9A19103F-16F7-4668-BE54-9A1E7A4F7556}") = "A_Translation", "A_Translation\A_Translation.csproj", "{F916C6BC-47A3-418C-988B-54D5C51F9E5F}"
EndProject
Project("{9A19103F-16F7-4668-BE54-9A1E7A4F7556}") = "A_Lucky_Division", "A_Lucky_Division\A_Lucky_Division.csproj", "{70C051CF-F88B-4C27-B0F5-489DDC12B018}"
EndProject
Project("{9A19103F-16F7-4668-BE54-9A1E7A4F7556}") = "A_Beautiful_Year", "A_Beautiful_Year\A_Beautiful_Year.csproj", "{EC6C287B-7539-4066-A561-B2569615F384}"
EndProject
Project("{9A19103F-16F7-4668-BE54-9A1E7A4F7556}") = "A_Vanya_and_Fence", "A_Vanya_and_Fence\A_Vanya_and_Fence.csproj", "{E9A00283-0D35-41F2-9359-A4307AEA2AC0}"
EndProject
Project("{9A19103F-16F7-4668-BE54-9A1E7A4F7556}") = "A_Twins", "A_Twins\A_Twins.csproj", "{D765EEBB-68C5-48CA-A680-57E037CF4807}"
EndProject
Project("{9A19103F-16F7-4668-BE54-9A1E7A4F7556}") = "A_George_and_Accommodation", "A_George_and_Accommodation\A_George_and_Accommodation.csproj", "{E405814F-2C22-40F4-BBFD-C75EE31248A8}"
EndProject
Project("{9A19103F-16F7-4668-BE54-9A1E7A4F7556}") = "A_In_Search_of_an_Easy_Problem", "A_In_Search_of_an_Easy_Problem\A_In_Search_of_an_Easy_Problem.csproj", "{F6CF8874-1559-44C5-8B52-7E0B9361A954}"
EndProject
Project("{9A19103F-16F7-4668-BE54-9A1E7A4F7556}") = "A_Presents", "A_Presents\A_Presents.csproj", "{BB067A4F-73EF-4C91-AB1E-4574F9C3D2DC}"
EndProject
Project("{FAE04EC0-301F-11D3-BF4B-00C04F79EFBC}") = "A_Magnets", "A_Magnets\A_Magnets.csproj", "{0F11A36F-150E-430F-B2DE-588A07ADF5B4}"
EndProject
Project("{FAE04EC0-301F-11D3-BF4B-00C04F79EFBC}") = "A_Calculating_Function_486A", "A_Calculating_Function_486A\A_Calculating_Function_486A.csproj", "{50F445D1-DE40-45CA-A893-F94D3B6525B0}"
EndProject
Project("{FAE04EC0-301F-11D3-BF4B-00C04F79EFBC}") = "B_Drinks_200B", "B_Drinks_200B\B_Drinks_200B.csproj", "{960EDA28-B637-4A22-AC8D-C4B6AB7F4F91}"
EndProject
Project("{FAE04EC0-301F-11D3-BF4B-00C04F79EFBC}") = "Is_your_horseshoe_on_the_other_hoof_228A", "Is_your_horseshoe_on_the_other_hoof_228A\Is_your_horseshoe_on_the_other_hoof_228A.csproj", "{9863A5C1-A06F-40B5-9D85-75D7FD9D2E08}"
EndProject
Global
	GlobalSection(SolutionConfigurationPlatforms) = preSolution
		Debug|Any CPU = Debug|Any CPU
		Release|Any CPU = Release|Any CPU
	EndGlobalSection
	GlobalSection(ProjectConfigurationPlatforms) = postSolution
		{C3D9B1A9-013D-4A7A-AE6A-E4653336FBCB}.Debug|Any CPU.ActiveCfg = Debug|Any CPU
		{C3D9B1A9-013D-4A7A-AE6A-E4653336FBCB}.Debug|Any CPU.Build.0 = Debug|Any CPU
		{C3D9B1A9-013D-4A7A-AE6A-E4653336FBCB}.Release|Any CPU.ActiveCfg = Release|Any CPU
		{C3D9B1A9-013D-4A7A-AE6A-E4653336FBCB}.Release|Any CPU.Build.0 = Release|Any CPU
		{B8D80F06-11BA-4D8A-BF00-3577F791679D}.Debug|Any CPU.ActiveCfg = Debug|Any CPU
		{B8D80F06-11BA-4D8A-BF00-3577F791679D}.Debug|Any CPU.Build.0 = Debug|Any CPU
		{B8D80F06-11BA-4D8A-BF00-3577F791679D}.Release|Any CPU.ActiveCfg = Release|Any CPU
		{B8D80F06-11BA-4D8A-BF00-3577F791679D}.Release|Any CPU.Build.0 = Release|Any CPU
		{BCE32791-909B-4822-A94E-9CA2423A7EAE}.Debug|Any CPU.ActiveCfg = Debug|Any CPU
		{BCE32791-909B-4822-A94E-9CA2423A7EAE}.Debug|Any CPU.Build.0 = Debug|Any CPU
		{BCE32791-909B-4822-A94E-9CA2423A7EAE}.Release|Any CPU.ActiveCfg = Release|Any CPU
		{BCE32791-909B-4822-A94E-9CA2423A7EAE}.Release|Any CPU.Build.0 = Release|Any CPU
		{00A03132-9AD3-4D60-A078-657F0757478F}.Debug|Any CPU.ActiveCfg = Debug|Any CPU
		{00A03132-9AD3-4D60-A078-657F0757478F}.Debug|Any CPU.Build.0 = Debug|Any CPU
		{00A03132-9AD3-4D60-A078-657F0757478F}.Release|Any CPU.ActiveCfg = Release|Any CPU
		{00A03132-9AD3-4D60-A078-657F0757478F}.Release|Any CPU.Build.0 = Release|Any CPU
		{6A9CB4A0-75FD-4E03-B845-F4A3F18188EA}.Debug|Any CPU.ActiveCfg = Debug|Any CPU
		{6A9CB4A0-75FD-4E03-B845-F4A3F18188EA}.Debug|Any CPU.Build.0 = Debug|Any CPU
		{6A9CB4A0-75FD-4E03-B845-F4A3F18188EA}.Release|Any CPU.ActiveCfg = Release|Any CPU
		{6A9CB4A0-75FD-4E03-B845-F4A3F18188EA}.Release|Any CPU.Build.0 = Release|Any CPU
		{F2AE05B6-89CC-4D04-9C5E-1C1F0E4C0985}.Debug|Any CPU.ActiveCfg = Debug|Any CPU
		{F2AE05B6-89CC-4D04-9C5E-1C1F0E4C0985}.Debug|Any CPU.Build.0 = Debug|Any CPU
		{F2AE05B6-89CC-4D04-9C5E-1C1F0E4C0985}.Release|Any CPU.ActiveCfg = Release|Any CPU
		{F2AE05B6-89CC-4D04-9C5E-1C1F0E4C0985}.Release|Any CPU.Build.0 = Release|Any CPU
		{AB237A38-6B6C-49BC-AC8F-66E110DE4CED}.Debug|Any CPU.ActiveCfg = Debug|Any CPU
		{AB237A38-6B6C-49BC-AC8F-66E110DE4CED}.Debug|Any CPU.Build.0 = Debug|Any CPU
		{AB237A38-6B6C-49BC-AC8F-66E110DE4CED}.Release|Any CPU.ActiveCfg = Release|Any CPU
		{AB237A38-6B6C-49BC-AC8F-66E110DE4CED}.Release|Any CPU.Build.0 = Release|Any CPU
		{EBFBB009-82CE-4EFB-9C21-41F569486BED}.Debug|Any CPU.ActiveCfg = Debug|Any CPU
		{EBFBB009-82CE-4EFB-9C21-41F569486BED}.Debug|Any CPU.Build.0 = Debug|Any CPU
		{EBFBB009-82CE-4EFB-9C21-41F569486BED}.Release|Any CPU.ActiveCfg = Release|Any CPU
		{EBFBB009-82CE-4EFB-9C21-41F569486BED}.Release|Any CPU.Build.0 = Release|Any CPU
		{6F5054A8-1714-4116-9243-2BF9752C2D5A}.Debug|Any CPU.ActiveCfg = Debug|Any CPU
		{6F5054A8-1714-4116-9243-2BF9752C2D5A}.Debug|Any CPU.Build.0 = Debug|Any CPU
		{6F5054A8-1714-4116-9243-2BF9752C2D5A}.Release|Any CPU.ActiveCfg = Release|Any CPU
		{6F5054A8-1714-4116-9243-2BF9752C2D5A}.Release|Any CPU.Build.0 = Release|Any CPU
		{46111650-E5F9-41A1-89DA-4257A20ADDB6}.Debug|Any CPU.ActiveCfg = Debug|Any CPU
		{46111650-E5F9-41A1-89DA-4257A20ADDB6}.Debug|Any CPU.Build.0 = Debug|Any CPU
		{46111650-E5F9-41A1-89DA-4257A20ADDB6}.Release|Any CPU.ActiveCfg = Release|Any CPU
		{46111650-E5F9-41A1-89DA-4257A20ADDB6}.Release|Any CPU.Build.0 = Release|Any CPU
		{6486AB42-0B4B-4892-BF71-39D9352062B3}.Debug|Any CPU.ActiveCfg = Debug|Any CPU
		{6486AB42-0B4B-4892-BF71-39D9352062B3}.Debug|Any CPU.Build.0 = Debug|Any CPU
		{6486AB42-0B4B-4892-BF71-39D9352062B3}.Release|Any CPU.ActiveCfg = Release|Any CPU
		{6486AB42-0B4B-4892-BF71-39D9352062B3}.Release|Any CPU.Build.0 = Release|Any CPU
		{A6B26C05-0448-475E-9209-52116AA33F88}.Debug|Any CPU.ActiveCfg = Debug|Any CPU
		{A6B26C05-0448-475E-9209-52116AA33F88}.Debug|Any CPU.Build.0 = Debug|Any CPU
		{A6B26C05-0448-475E-9209-52116AA33F88}.Release|Any CPU.ActiveCfg = Release|Any CPU
		{A6B26C05-0448-475E-9209-52116AA33F88}.Release|Any CPU.Build.0 = Release|Any CPU
		{C111A084-1179-40C2-8861-7AF8F7435F5A}.Debug|Any CPU.ActiveCfg = Debug|Any CPU
		{C111A084-1179-40C2-8861-7AF8F7435F5A}.Debug|Any CPU.Build.0 = Debug|Any CPU
		{C111A084-1179-40C2-8861-7AF8F7435F5A}.Release|Any CPU.ActiveCfg = Release|Any CPU
		{C111A084-1179-40C2-8861-7AF8F7435F5A}.Release|Any CPU.Build.0 = Release|Any CPU
		{FCD0A39D-A3F6-4A6F-BEEC-FBD80B1181C3}.Debug|Any CPU.ActiveCfg = Debug|Any CPU
		{FCD0A39D-A3F6-4A6F-BEEC-FBD80B1181C3}.Debug|Any CPU.Build.0 = Debug|Any CPU
		{FCD0A39D-A3F6-4A6F-BEEC-FBD80B1181C3}.Release|Any CPU.ActiveCfg = Release|Any CPU
		{FCD0A39D-A3F6-4A6F-BEEC-FBD80B1181C3}.Release|Any CPU.Build.0 = Release|Any CPU
		{DD830251-7F73-4A87-B61F-B90F12C2BE0E}.Debug|Any CPU.ActiveCfg = Debug|Any CPU
		{DD830251-7F73-4A87-B61F-B90F12C2BE0E}.Debug|Any CPU.Build.0 = Debug|Any CPU
		{DD830251-7F73-4A87-B61F-B90F12C2BE0E}.Release|Any CPU.ActiveCfg = Release|Any CPU
		{DD830251-7F73-4A87-B61F-B90F12C2BE0E}.Release|Any CPU.Build.0 = Release|Any CPU
		{0348B010-601B-4F93-9858-EBAECF95E009}.Debug|Any CPU.ActiveCfg = Debug|Any CPU
		{0348B010-601B-4F93-9858-EBAECF95E009}.Debug|Any CPU.Build.0 = Debug|Any CPU
		{0348B010-601B-4F93-9858-EBAECF95E009}.Release|Any CPU.ActiveCfg = Release|Any CPU
		{0348B010-601B-4F93-9858-EBAECF95E009}.Release|Any CPU.Build.0 = Release|Any CPU
		{E7CA22B0-AF50-4969-89B9-35A8074831E8}.Debug|Any CPU.ActiveCfg = Debug|Any CPU
		{E7CA22B0-AF50-4969-89B9-35A8074831E8}.Debug|Any CPU.Build.0 = Debug|Any CPU
		{E7CA22B0-AF50-4969-89B9-35A8074831E8}.Release|Any CPU.ActiveCfg = Release|Any CPU
		{E7CA22B0-AF50-4969-89B9-35A8074831E8}.Release|Any CPU.Build.0 = Release|Any CPU
		{ECDAF18F-B038-4ADF-A05B-94216AA4FF36}.Debug|Any CPU.ActiveCfg = Debug|Any CPU
		{ECDAF18F-B038-4ADF-A05B-94216AA4FF36}.Debug|Any CPU.Build.0 = Debug|Any CPU
		{ECDAF18F-B038-4ADF-A05B-94216AA4FF36}.Release|Any CPU.ActiveCfg = Release|Any CPU
		{ECDAF18F-B038-4ADF-A05B-94216AA4FF36}.Release|Any CPU.Build.0 = Release|Any CPU
		{FD0F9869-DF19-40D1-9099-DB5043AF7FBD}.Debug|Any CPU.ActiveCfg = Debug|Any CPU
		{FD0F9869-DF19-40D1-9099-DB5043AF7FBD}.Debug|Any CPU.Build.0 = Debug|Any CPU
		{FD0F9869-DF19-40D1-9099-DB5043AF7FBD}.Release|Any CPU.ActiveCfg = Release|Any CPU
		{FD0F9869-DF19-40D1-9099-DB5043AF7FBD}.Release|Any CPU.Build.0 = Release|Any CPU
		{A5B8B50A-CE6F-4328-84C1-28C75EB36C49}.Debug|Any CPU.ActiveCfg = Debug|Any CPU
		{A5B8B50A-CE6F-4328-84C1-28C75EB36C49}.Debug|Any CPU.Build.0 = Debug|Any CPU
		{A5B8B50A-CE6F-4328-84C1-28C75EB36C49}.Release|Any CPU.ActiveCfg = Release|Any CPU
		{A5B8B50A-CE6F-4328-84C1-28C75EB36C49}.Release|Any CPU.Build.0 = Release|Any CPU
		{B7B0D700-D4B4-4301-A420-FE75EF102DA7}.Debug|Any CPU.ActiveCfg = Debug|Any CPU
		{B7B0D700-D4B4-4301-A420-FE75EF102DA7}.Debug|Any CPU.Build.0 = Debug|Any CPU
		{B7B0D700-D4B4-4301-A420-FE75EF102DA7}.Release|Any CPU.ActiveCfg = Release|Any CPU
		{B7B0D700-D4B4-4301-A420-FE75EF102DA7}.Release|Any CPU.Build.0 = Release|Any CPU
		{410AC49E-96F9-4940-ADEF-45ABF6A46808}.Debug|Any CPU.ActiveCfg = Debug|Any CPU
		{410AC49E-96F9-4940-ADEF-45ABF6A46808}.Debug|Any CPU.Build.0 = Debug|Any CPU
		{410AC49E-96F9-4940-ADEF-45ABF6A46808}.Release|Any CPU.ActiveCfg = Release|Any CPU
		{410AC49E-96F9-4940-ADEF-45ABF6A46808}.Release|Any CPU.Build.0 = Release|Any CPU
		{99B3F51B-48B9-48BA-8882-847CE76509A4}.Debug|Any CPU.ActiveCfg = Debug|Any CPU
		{99B3F51B-48B9-48BA-8882-847CE76509A4}.Debug|Any CPU.Build.0 = Debug|Any CPU
		{99B3F51B-48B9-48BA-8882-847CE76509A4}.Release|Any CPU.ActiveCfg = Release|Any CPU
		{99B3F51B-48B9-48BA-8882-847CE76509A4}.Release|Any CPU.Build.0 = Release|Any CPU
		{DBDDF4AB-9DF4-48CF-9A73-579B18EA353B}.Debug|Any CPU.ActiveCfg = Debug|Any CPU
		{DBDDF4AB-9DF4-48CF-9A73-579B18EA353B}.Debug|Any CPU.Build.0 = Debug|Any CPU
		{DBDDF4AB-9DF4-48CF-9A73-579B18EA353B}.Release|Any CPU.ActiveCfg = Release|Any CPU
		{DBDDF4AB-9DF4-48CF-9A73-579B18EA353B}.Release|Any CPU.Build.0 = Release|Any CPU
		{1FA78112-9959-436A-8FDE-302D910DD28A}.Debug|Any CPU.ActiveCfg = Debug|Any CPU
		{1FA78112-9959-436A-8FDE-302D910DD28A}.Debug|Any CPU.Build.0 = Debug|Any CPU
		{1FA78112-9959-436A-8FDE-302D910DD28A}.Release|Any CPU.ActiveCfg = Release|Any CPU
		{1FA78112-9959-436A-8FDE-302D910DD28A}.Release|Any CPU.Build.0 = Release|Any CPU
		{F916C6BC-47A3-418C-988B-54D5C51F9E5F}.Debug|Any CPU.ActiveCfg = Debug|Any CPU
		{F916C6BC-47A3-418C-988B-54D5C51F9E5F}.Debug|Any CPU.Build.0 = Debug|Any CPU
		{F916C6BC-47A3-418C-988B-54D5C51F9E5F}.Release|Any CPU.ActiveCfg = Release|Any CPU
		{F916C6BC-47A3-418C-988B-54D5C51F9E5F}.Release|Any CPU.Build.0 = Release|Any CPU
		{70C051CF-F88B-4C27-B0F5-489DDC12B018}.Debug|Any CPU.ActiveCfg = Debug|Any CPU
		{70C051CF-F88B-4C27-B0F5-489DDC12B018}.Debug|Any CPU.Build.0 = Debug|Any CPU
		{70C051CF-F88B-4C27-B0F5-489DDC12B018}.Release|Any CPU.ActiveCfg = Release|Any CPU
		{70C051CF-F88B-4C27-B0F5-489DDC12B018}.Release|Any CPU.Build.0 = Release|Any CPU
		{EC6C287B-7539-4066-A561-B2569615F384}.Debug|Any CPU.ActiveCfg = Debug|Any CPU
		{EC6C287B-7539-4066-A561-B2569615F384}.Debug|Any CPU.Build.0 = Debug|Any CPU
		{EC6C287B-7539-4066-A561-B2569615F384}.Release|Any CPU.ActiveCfg = Release|Any CPU
		{EC6C287B-7539-4066-A561-B2569615F384}.Release|Any CPU.Build.0 = Release|Any CPU
		{E9A00283-0D35-41F2-9359-A4307AEA2AC0}.Debug|Any CPU.ActiveCfg = Debug|Any CPU
		{E9A00283-0D35-41F2-9359-A4307AEA2AC0}.Debug|Any CPU.Build.0 = Debug|Any CPU
		{E9A00283-0D35-41F2-9359-A4307AEA2AC0}.Release|Any CPU.ActiveCfg = Release|Any CPU
		{E9A00283-0D35-41F2-9359-A4307AEA2AC0}.Release|Any CPU.Build.0 = Release|Any CPU
		{D765EEBB-68C5-48CA-A680-57E037CF4807}.Debug|Any CPU.ActiveCfg = Debug|Any CPU
		{D765EEBB-68C5-48CA-A680-57E037CF4807}.Debug|Any CPU.Build.0 = Debug|Any CPU
		{D765EEBB-68C5-48CA-A680-57E037CF4807}.Release|Any CPU.ActiveCfg = Release|Any CPU
		{D765EEBB-68C5-48CA-A680-57E037CF4807}.Release|Any CPU.Build.0 = Release|Any CPU
		{E405814F-2C22-40F4-BBFD-C75EE31248A8}.Debug|Any CPU.ActiveCfg = Debug|Any CPU
		{E405814F-2C22-40F4-BBFD-C75EE31248A8}.Debug|Any CPU.Build.0 = Debug|Any CPU
		{E405814F-2C22-40F4-BBFD-C75EE31248A8}.Release|Any CPU.ActiveCfg = Release|Any CPU
		{E405814F-2C22-40F4-BBFD-C75EE31248A8}.Release|Any CPU.Build.0 = Release|Any CPU
		{F6CF8874-1559-44C5-8B52-7E0B9361A954}.Debug|Any CPU.ActiveCfg = Debug|Any CPU
		{F6CF8874-1559-44C5-8B52-7E0B9361A954}.Debug|Any CPU.Build.0 = Debug|Any CPU
		{F6CF8874-1559-44C5-8B52-7E0B9361A954}.Release|Any CPU.ActiveCfg = Release|Any CPU
		{F6CF8874-1559-44C5-8B52-7E0B9361A954}.Release|Any CPU.Build.0 = Release|Any CPU
		{BB067A4F-73EF-4C91-AB1E-4574F9C3D2DC}.Debug|Any CPU.ActiveCfg = Debug|Any CPU
		{BB067A4F-73EF-4C91-AB1E-4574F9C3D2DC}.Debug|Any CPU.Build.0 = Debug|Any CPU
		{BB067A4F-73EF-4C91-AB1E-4574F9C3D2DC}.Release|Any CPU.ActiveCfg = Release|Any CPU
		{BB067A4F-73EF-4C91-AB1E-4574F9C3D2DC}.Release|Any CPU.Build.0 = Release|Any CPU
		{0F11A36F-150E-430F-B2DE-588A07ADF5B4}.Debug|Any CPU.ActiveCfg = Debug|Any CPU
		{0F11A36F-150E-430F-B2DE-588A07ADF5B4}.Debug|Any CPU.Build.0 = Debug|Any CPU
		{0F11A36F-150E-430F-B2DE-588A07ADF5B4}.Release|Any CPU.ActiveCfg = Release|Any CPU
		{0F11A36F-150E-430F-B2DE-588A07ADF5B4}.Release|Any CPU.Build.0 = Release|Any CPU
		{50F445D1-DE40-45CA-A893-F94D3B6525B0}.Debug|Any CPU.ActiveCfg = Debug|Any CPU
		{50F445D1-DE40-45CA-A893-F94D3B6525B0}.Debug|Any CPU.Build.0 = Debug|Any CPU
		{50F445D1-DE40-45CA-A893-F94D3B6525B0}.Release|Any CPU.ActiveCfg = Release|Any CPU
		{50F445D1-DE40-45CA-A893-F94D3B6525B0}.Release|Any CPU.Build.0 = Release|Any CPU
		{960EDA28-B637-4A22-AC8D-C4B6AB7F4F91}.Debug|Any CPU.ActiveCfg = Debug|Any CPU
		{960EDA28-B637-4A22-AC8D-C4B6AB7F4F91}.Debug|Any CPU.Build.0 = Debug|Any CPU
		{960EDA28-B637-4A22-AC8D-C4B6AB7F4F91}.Release|Any CPU.ActiveCfg = Release|Any CPU
		{960EDA28-B637-4A22-AC8D-C4B6AB7F4F91}.Release|Any CPU.Build.0 = Release|Any CPU
		{9863A5C1-A06F-40B5-9D85-75D7FD9D2E08}.Debug|Any CPU.ActiveCfg = Debug|Any CPU
		{9863A5C1-A06F-40B5-9D85-75D7FD9D2E08}.Debug|Any CPU.Build.0 = Debug|Any CPU
		{9863A5C1-A06F-40B5-9D85-75D7FD9D2E08}.Release|Any CPU.ActiveCfg = Release|Any CPU
		{9863A5C1-A06F-40B5-9D85-75D7FD9D2E08}.Release|Any CPU.Build.0 = Release|Any CPU
	EndGlobalSection
	GlobalSection(SolutionProperties) = preSolution
		HideSolutionNode = FALSE
	EndGlobalSection
	GlobalSection(ExtensibilityGlobals) = postSolution
		SolutionGuid = {873803F6-22E8-4485-A03D-8086A0F512F4}
	EndGlobalSection
EndGlobal
